// !$*UTF8*$!
{
	archiveVersion = 1;
	classes = {
	};
	objectVersion = 50;
	objects = {

/* Begin PBXBuildFile section */
		DF43BE83214EEEBE0053D0DA /* BlankShapeLayer.swift in Sources */ = {isa = PBXBuildFile; fileRef = DF43BE82214EEEBE0053D0DA /* BlankShapeLayer.swift */; };
		DF43BE85214FD7220053D0DA /* CrossOutShapeLayer.swift in Sources */ = {isa = PBXBuildFile; fileRef = DF43BE84214FD7220053D0DA /* CrossOutShapeLayer.swift */; };
		DF5E2D57214E7FD300945DB0 /* OShapeLayer.swift in Sources */ = {isa = PBXBuildFile; fileRef = DF5E2D56214E7FD300945DB0 /* OShapeLayer.swift */; };
		DF5E2D59214E7FE200945DB0 /* XShapeLayer.swift in Sources */ = {isa = PBXBuildFile; fileRef = DF5E2D58214E7FE200945DB0 /* XShapeLayer.swift */; };
		DF6EAFDE2105F0890043D2FC /* AppDelegate.swift in Sources */ = {isa = PBXBuildFile; fileRef = DF6EAFDD2105F0890043D2FC /* AppDelegate.swift */; };
		DF6EAFE02105F0890043D2FC /* GameVC.swift in Sources */ = {isa = PBXBuildFile; fileRef = DF6EAFDF2105F0890043D2FC /* GameVC.swift */; };
		DF6EAFE22105F08B0043D2FC /* Assets.xcassets in Resources */ = {isa = PBXBuildFile; fileRef = DF6EAFE12105F08B0043D2FC /* Assets.xcassets */; };
		DF6EAFE52105F08B0043D2FC /* Main.storyboard in Resources */ = {isa = PBXBuildFile; fileRef = DF6EAFE32105F08B0043D2FC /* Main.storyboard */; };
		DF6EAFF12105F08B0043D2FC /* Noughts___CrossesTests.swift in Sources */ = {isa = PBXBuildFile; fileRef = DF6EAFF02105F08B0043D2FC /* Noughts___CrossesTests.swift */; };
		DF6EAFFC2105F08B0043D2FC /* Noughts___CrossesUITests.swift in Sources */ = {isa = PBXBuildFile; fileRef = DF6EAFFB2105F08B0043D2FC /* Noughts___CrossesUITests.swift */; };
		DF738C752147B5E300C6B293 /* SideView.swift in Sources */ = {isa = PBXBuildFile; fileRef = DF738C742147B5E300C6B293 /* SideView.swift */; };
		DF82848121458A85000D367F /* Board.swift in Sources */ = {isa = PBXBuildFile; fileRef = DF82848021458A85000D367F /* Board.swift */; };
		DF82849E2145F221000D367F /* BlankView.swift in Sources */ = {isa = PBXBuildFile; fileRef = DF82849D2145F221000D367F /* BlankView.swift */; };
		DF8284A0214663B8000D367F /* CellView.swift in Sources */ = {isa = PBXBuildFile; fileRef = DF82849F214663B8000D367F /* CellView.swift */; };
		DF8D7E9D2147B92300D7BDF8 /* MyButton.swift in Sources */ = {isa = PBXBuildFile; fileRef = DF8D7E9C2147B92300D7BDF8 /* MyButton.swift */; };
		DFBA39B6213ED8A40069A7B1 /* BoardView.swift in Sources */ = {isa = PBXBuildFile; fileRef = DFBA39B5213ED8A40069A7B1 /* BoardView.swift */; };
		DFBA39B8213ED8D00069A7B1 /* MinMaxAI.swift in Sources */ = {isa = PBXBuildFile; fileRef = DFBA39B7213ED8D00069A7B1 /* MinMaxAI.swift */; };
		DFBA39BA213EFCE70069A7B1 /* TopView.swift in Sources */ = {isa = PBXBuildFile; fileRef = DFBA39B9213EFCE70069A7B1 /* TopView.swift */; };
		DFBA39BC213F013D0069A7B1 /* Colours.swift in Sources */ = {isa = PBXBuildFile; fileRef = DFBA39BB213F013D0069A7B1 /* Colours.swift */; };
		DFBA39BE213FD1B60069A7B1 /* XView.swift in Sources */ = {isa = PBXBuildFile; fileRef = DFBA39BD213FD1B60069A7B1 /* XView.swift */; };
		DFBA39C0213FD1C60069A7B1 /* OView.swift in Sources */ = {isa = PBXBuildFile; fileRef = DFBA39BF213FD1C60069A7B1 /* OView.swift */; };
		DFBFE4C221515E9C005E6C2C /* RandomAI.swift in Sources */ = {isa = PBXBuildFile; fileRef = DFBFE4C121515E9C005E6C2C /* RandomAI.swift */; };
		DFBFE4C4215164CC005E6C2C /* BaseAI.swift in Sources */ = {isa = PBXBuildFile; fileRef = DFBFE4C3215164CC005E6C2C /* BaseAI.swift */; };
		DFBFE4EA21525547005E6C2C /* BrokenAI.swift in Sources */ = {isa = PBXBuildFile; fileRef = DFBFE4E921525547005E6C2C /* BrokenAI.swift */; };
		DFBFE4EC2152B3F5005E6C2C /* MinMaxOptiAI.swift in Sources */ = {isa = PBXBuildFile; fileRef = DFBFE4EB2152B3F5005E6C2C /* MinMaxOptiAI.swift */; };
		DFBFE52921537CA5005E6C2C /* RLAI.swift in Sources */ = {isa = PBXBuildFile; fileRef = DFBFE52821537CA5005E6C2C /* RLAI.swift */; };
		DFF8353721497976000CC4E9 /* TicTacToeBoardProtocol.swift in Sources */ = {isa = PBXBuildFile; fileRef = DFF8353621497976000CC4E9 /* TicTacToeBoardProtocol.swift */; };
		DFF8353921497986000CC4E9 /* TicTacToeAiProtocol.swift in Sources */ = {isa = PBXBuildFile; fileRef = DFF8353821497986000CC4E9 /* TicTacToeAiProtocol.swift */; };
		DFF8353B214B9BEE000CC4E9 /* ScratchOutView.swift in Sources */ = {isa = PBXBuildFile; fileRef = DFF8353A214B9BEE000CC4E9 /* ScratchOutView.swift */; };
		DFF8355D214C3869000CC4E9 /* EndGameVC.swift in Sources */ = {isa = PBXBuildFile; fileRef = DFF8355C214C3869000CC4E9 /* EndGameVC.swift */; };
		DFF8355F214C6508000CC4E9 /* TransparentView.swift in Sources */ = {isa = PBXBuildFile; fileRef = DFF8355E214C6508000CC4E9 /* TransparentView.swift */; };
/* End PBXBuildFile section */

/* Begin PBXContainerItemProxy section */
		DF6EAFED2105F08B0043D2FC /* PBXContainerItemProxy */ = {
			isa = PBXContainerItemProxy;
			containerPortal = DF6EAFD22105F0890043D2FC /* Project object */;
			proxyType = 1;
			remoteGlobalIDString = DF6EAFD92105F0890043D2FC;
			remoteInfo = "Noughts & Crosses";
		};
		DF6EAFF82105F08B0043D2FC /* PBXContainerItemProxy */ = {
			isa = PBXContainerItemProxy;
			containerPortal = DF6EAFD22105F0890043D2FC /* Project object */;
			proxyType = 1;
			remoteGlobalIDString = DF6EAFD92105F0890043D2FC;
			remoteInfo = "Noughts & Crosses";
		};
/* End PBXContainerItemProxy section */

/* Begin PBXFileReference section */
		DF43BE82214EEEBE0053D0DA /* BlankShapeLayer.swift */ = {isa = PBXFileReference; lastKnownFileType = sourcecode.swift; path = BlankShapeLayer.swift; sourceTree = "<group>"; };
		DF43BE84214FD7220053D0DA /* CrossOutShapeLayer.swift */ = {isa = PBXFileReference; lastKnownFileType = sourcecode.swift; path = CrossOutShapeLayer.swift; sourceTree = "<group>"; };
		DF5E2D56214E7FD300945DB0 /* OShapeLayer.swift */ = {isa = PBXFileReference; lastKnownFileType = sourcecode.swift; path = OShapeLayer.swift; sourceTree = "<group>"; };
		DF5E2D58214E7FE200945DB0 /* XShapeLayer.swift */ = {isa = PBXFileReference; lastKnownFileType = sourcecode.swift; path = XShapeLayer.swift; sourceTree = "<group>"; };
		DF6EAFDA2105F0890043D2FC /* Noughts & Crosses.app */ = {isa = PBXFileReference; explicitFileType = wrapper.application; includeInIndex = 0; path = "Noughts & Crosses.app"; sourceTree = BUILT_PRODUCTS_DIR; };
		DF6EAFDD2105F0890043D2FC /* AppDelegate.swift */ = {isa = PBXFileReference; lastKnownFileType = sourcecode.swift; path = AppDelegate.swift; sourceTree = "<group>"; };
		DF6EAFDF2105F0890043D2FC /* GameVC.swift */ = {isa = PBXFileReference; lastKnownFileType = sourcecode.swift; path = GameVC.swift; sourceTree = "<group>"; };
		DF6EAFE12105F08B0043D2FC /* Assets.xcassets */ = {isa = PBXFileReference; lastKnownFileType = folder.assetcatalog; path = Assets.xcassets; sourceTree = "<group>"; };
		DF6EAFE42105F08B0043D2FC /* Base */ = {isa = PBXFileReference; lastKnownFileType = file.storyboard; name = Base; path = Base.lproj/Main.storyboard; sourceTree = "<group>"; };
		DF6EAFE62105F08B0043D2FC /* Info.plist */ = {isa = PBXFileReference; lastKnownFileType = text.plist.xml; path = Info.plist; sourceTree = "<group>"; };
		DF6EAFE72105F08B0043D2FC /* Noughts___Crosses.entitlements */ = {isa = PBXFileReference; lastKnownFileType = text.plist.entitlements; path = "Noughts___Crosses.entitlements"; sourceTree = "<group>"; };
		DF6EAFEC2105F08B0043D2FC /* Noughts & CrossesTests.xctest */ = {isa = PBXFileReference; explicitFileType = wrapper.cfbundle; includeInIndex = 0; path = "Noughts & CrossesTests.xctest"; sourceTree = BUILT_PRODUCTS_DIR; };
		DF6EAFF02105F08B0043D2FC /* Noughts___CrossesTests.swift */ = {isa = PBXFileReference; lastKnownFileType = sourcecode.swift; path = "Noughts___CrossesTests.swift"; sourceTree = "<group>"; };
		DF6EAFF22105F08B0043D2FC /* Info.plist */ = {isa = PBXFileReference; lastKnownFileType = text.plist.xml; path = Info.plist; sourceTree = "<group>"; };
		DF6EAFF72105F08B0043D2FC /* Noughts & CrossesUITests.xctest */ = {isa = PBXFileReference; explicitFileType = wrapper.cfbundle; includeInIndex = 0; path = "Noughts & CrossesUITests.xctest"; sourceTree = BUILT_PRODUCTS_DIR; };
		DF6EAFFB2105F08B0043D2FC /* Noughts___CrossesUITests.swift */ = {isa = PBXFileReference; lastKnownFileType = sourcecode.swift; path = "Noughts___CrossesUITests.swift"; sourceTree = "<group>"; };
		DF6EAFFD2105F08B0043D2FC /* Info.plist */ = {isa = PBXFileReference; lastKnownFileType = text.plist.xml; path = Info.plist; sourceTree = "<group>"; };
		DF738C742147B5E300C6B293 /* SideView.swift */ = {isa = PBXFileReference; lastKnownFileType = sourcecode.swift; path = SideView.swift; sourceTree = "<group>"; };
		DF82848021458A85000D367F /* Board.swift */ = {isa = PBXFileReference; lastKnownFileType = sourcecode.swift; path = Board.swift; sourceTree = "<group>"; };
		DF82849D2145F221000D367F /* BlankView.swift */ = {isa = PBXFileReference; lastKnownFileType = sourcecode.swift; path = BlankView.swift; sourceTree = "<group>"; };
		DF82849F214663B8000D367F /* CellView.swift */ = {isa = PBXFileReference; lastKnownFileType = sourcecode.swift; path = CellView.swift; sourceTree = "<group>"; };
		DF8D7E9C2147B92300D7BDF8 /* MyButton.swift */ = {isa = PBXFileReference; lastKnownFileType = sourcecode.swift; path = MyButton.swift; sourceTree = "<group>"; };
		DFBA39B5213ED8A40069A7B1 /* BoardView.swift */ = {isa = PBXFileReference; lastKnownFileType = sourcecode.swift; path = BoardView.swift; sourceTree = "<group>"; };
		DFBA39B7213ED8D00069A7B1 /* MinMaxAI.swift */ = {isa = PBXFileReference; lastKnownFileType = sourcecode.swift; path = MinMaxAI.swift; sourceTree = "<group>"; };
		DFBA39B9213EFCE70069A7B1 /* TopView.swift */ = {isa = PBXFileReference; lastKnownFileType = sourcecode.swift; path = TopView.swift; sourceTree = "<group>"; };
		DFBA39BB213F013D0069A7B1 /* Colours.swift */ = {isa = PBXFileReference; lastKnownFileType = sourcecode.swift; path = Colours.swift; sourceTree = "<group>"; };
		DFBA39BD213FD1B60069A7B1 /* XView.swift */ = {isa = PBXFileReference; lastKnownFileType = sourcecode.swift; path = XView.swift; sourceTree = "<group>"; };
		DFBA39BF213FD1C60069A7B1 /* OView.swift */ = {isa = PBXFileReference; lastKnownFileType = sourcecode.swift; path = OView.swift; sourceTree = "<group>"; };
		DFBFE4C121515E9C005E6C2C /* RandomAI.swift */ = {isa = PBXFileReference; lastKnownFileType = sourcecode.swift; path = RandomAI.swift; sourceTree = "<group>"; };
		DFBFE4C3215164CC005E6C2C /* BaseAI.swift */ = {isa = PBXFileReference; lastKnownFileType = sourcecode.swift; path = BaseAI.swift; sourceTree = "<group>"; };
		DFBFE4E921525547005E6C2C /* BrokenAI.swift */ = {isa = PBXFileReference; lastKnownFileType = sourcecode.swift; path = BrokenAI.swift; sourceTree = "<group>"; };
		DFBFE4EB2152B3F5005E6C2C /* MinMaxOptiAI.swift */ = {isa = PBXFileReference; lastKnownFileType = sourcecode.swift; path = MinMaxOptiAI.swift; sourceTree = "<group>"; };
		DFBFE52821537CA5005E6C2C /* RLAI.swift */ = {isa = PBXFileReference; lastKnownFileType = sourcecode.swift; path = RLAI.swift; sourceTree = "<group>"; };
		DFF8353621497976000CC4E9 /* TicTacToeBoardProtocol.swift */ = {isa = PBXFileReference; lastKnownFileType = sourcecode.swift; path = TicTacToeBoardProtocol.swift; sourceTree = "<group>"; };
		DFF8353821497986000CC4E9 /* TicTacToeAiProtocol.swift */ = {isa = PBXFileReference; lastKnownFileType = sourcecode.swift; path = TicTacToeAiProtocol.swift; sourceTree = "<group>"; };
		DFF8353A214B9BEE000CC4E9 /* ScratchOutView.swift */ = {isa = PBXFileReference; lastKnownFileType = sourcecode.swift; path = ScratchOutView.swift; sourceTree = "<group>"; };
		DFF8355C214C3869000CC4E9 /* EndGameVC.swift */ = {isa = PBXFileReference; lastKnownFileType = sourcecode.swift; path = EndGameVC.swift; sourceTree = "<group>"; };
		DFF8355E214C6508000CC4E9 /* TransparentView.swift */ = {isa = PBXFileReference; lastKnownFileType = sourcecode.swift; path = TransparentView.swift; sourceTree = "<group>"; };
/* End PBXFileReference section */

/* Begin PBXFrameworksBuildPhase section */
		DF6EAFD72105F0890043D2FC /* Frameworks */ = {
			isa = PBXFrameworksBuildPhase;
			buildActionMask = 2147483647;
			files = (
			);
			runOnlyForDeploymentPostprocessing = 0;
		};
		DF6EAFE92105F08B0043D2FC /* Frameworks */ = {
			isa = PBXFrameworksBuildPhase;
			buildActionMask = 2147483647;
			files = (
			);
			runOnlyForDeploymentPostprocessing = 0;
		};
		DF6EAFF42105F08B0043D2FC /* Frameworks */ = {
			isa = PBXFrameworksBuildPhase;
			buildActionMask = 2147483647;
			files = (
			);
			runOnlyForDeploymentPostprocessing = 0;
		};
/* End PBXFrameworksBuildPhase section */

/* Begin PBXGroup section */
		DF5E2D55214E7FA700945DB0 /* ShapeLayers */ = {
			isa = PBXGroup;
			children = (
				DF43BE82214EEEBE0053D0DA /* BlankShapeLayer.swift */,
				DF5E2D56214E7FD300945DB0 /* OShapeLayer.swift */,
				DF5E2D58214E7FE200945DB0 /* XShapeLayer.swift */,
				DF43BE84214FD7220053D0DA /* CrossOutShapeLayer.swift */,
			);
			name = ShapeLayers;
			sourceTree = "<group>";
		};
		DF6EAFD12105F0890043D2FC = {
			isa = PBXGroup;
			children = (
				DF6EAFDC2105F0890043D2FC /* Noughts & Crosses */,
				DF6EAFEF2105F08B0043D2FC /* Noughts & CrossesTests */,
				DF6EAFFA2105F08B0043D2FC /* Noughts & CrossesUITests */,
				DF6EAFDB2105F0890043D2FC /* Products */,
			);
			sourceTree = "<group>";
		};
		DF6EAFDB2105F0890043D2FC /* Products */ = {
			isa = PBXGroup;
			children = (
				DF6EAFDA2105F0890043D2FC /* Noughts & Crosses.app */,
				DF6EAFEC2105F08B0043D2FC /* Noughts & CrossesTests.xctest */,
				DF6EAFF72105F08B0043D2FC /* Noughts & CrossesUITests.xctest */,
			);
			name = Products;
			sourceTree = "<group>";
		};
		DF6EAFDC2105F0890043D2FC /* Noughts & Crosses */ = {
			isa = PBXGroup;
			children = (
				DF6EAFE32105F08B0043D2FC /* Main.storyboard */,
				DFBA39B4213ED8190069A7B1 /* Core */,
				DFBA39B3213ED8160069A7B1 /* Classes */,
			);
			path = "Noughts & Crosses";
			sourceTree = "<group>";
		};
		DF6EAFEF2105F08B0043D2FC /* Noughts & CrossesTests */ = {
			isa = PBXGroup;
			children = (
				DF6EAFF02105F08B0043D2FC /* Noughts___CrossesTests.swift */,
				DF6EAFF22105F08B0043D2FC /* Info.plist */,
			);
			path = "Noughts & CrossesTests";
			sourceTree = "<group>";
		};
		DF6EAFFA2105F08B0043D2FC /* Noughts & CrossesUITests */ = {
			isa = PBXGroup;
			children = (
				DF6EAFFB2105F08B0043D2FC /* Noughts___CrossesUITests.swift */,
				DF6EAFFD2105F08B0043D2FC /* Info.plist */,
			);
			path = "Noughts & CrossesUITests";
			sourceTree = "<group>";
		};
		DF738C762147B8AC00C6B293 /* Custom Buttons */ = {
			isa = PBXGroup;
			children = (
				DF8D7E9C2147B92300D7BDF8 /* MyButton.swift */,
			);
			name = "Custom Buttons";
			sourceTree = "<group>";
		};
		DF8284A1214663D7000D367F /* BoardCells */ = {
			isa = PBXGroup;
			children = (
				DF82849F214663B8000D367F /* CellView.swift */,
				DF82849D2145F221000D367F /* BlankView.swift */,
				DFBA39BD213FD1B60069A7B1 /* XView.swift */,
				DFBA39BF213FD1C60069A7B1 /* OView.swift */,
			);
			name = BoardCells;
			sourceTree = "<group>";
		};
		DFBA39B3213ED8160069A7B1 /* Classes */ = {
			isa = PBXGroup;
			children = (
				DFBA39BB213F013D0069A7B1 /* Colours.swift */,
				DF6EAFDF2105F0890043D2FC /* GameVC.swift */,
				DFF8355C214C3869000CC4E9 /* EndGameVC.swift */,
				DFF8353521497935000CC4E9 /* Type Protocols */,
				DF738C762147B8AC00C6B293 /* Custom Buttons */,
				DFC38A912147B5400086DE53 /* Views */,
				DFC38A662146D3F30086DE53 /* Model */,
				DF5E2D55214E7FA700945DB0 /* ShapeLayers */,
				DF8284A1214663D7000D367F /* BoardCells */,
			);
			path = Classes;
			sourceTree = "<group>";
		};
		DFBA39B4213ED8190069A7B1 /* Core */ = {
			isa = PBXGroup;
			children = (
				DF6EAFDD2105F0890043D2FC /* AppDelegate.swift */,
				DF6EAFE62105F08B0043D2FC /* Info.plist */,
				DF6EAFE12105F08B0043D2FC /* Assets.xcassets */,
				DF6EAFE72105F08B0043D2FC /* Noughts___Crosses.entitlements */,
			);
			name = Core;
			sourceTree = "<group>";
		};
		DFC38A662146D3F30086DE53 /* Model */ = {
			isa = PBXGroup;
			children = (
				DF82848021458A85000D367F /* Board.swift */,
				DFBFE4C3215164CC005E6C2C /* BaseAI.swift */,
				DFBA39B7213ED8D00069A7B1 /* MinMaxAI.swift */,
				DFBFE4C121515E9C005E6C2C /* RandomAI.swift */,
				DFBFE4EB2152B3F5005E6C2C /* MinMaxOptiAI.swift */,
				DFBFE52821537CA5005E6C2C /* RLAI.swift */,
				DFBFE4E921525547005E6C2C /* BrokenAI.swift */,
			);
			name = Model;
			sourceTree = "<group>";
		};
		DFC38A912147B5400086DE53 /* Views */ = {
			isa = PBXGroup;
			children = (
				DFBA39B9213EFCE70069A7B1 /* TopView.swift */,
				DFBA39B5213ED8A40069A7B1 /* BoardView.swift */,
				DF738C742147B5E300C6B293 /* SideView.swift */,
				DFF8353A214B9BEE000CC4E9 /* ScratchOutView.swift */,
				DFF8355E214C6508000CC4E9 /* TransparentView.swift */,
			);
			name = Views;
			sourceTree = "<group>";
		};
		DFF8353521497935000CC4E9 /* Type Protocols */ = {
			isa = PBXGroup;
			children = (
				DFF8353621497976000CC4E9 /* TicTacToeBoardProtocol.swift */,
				DFF8353821497986000CC4E9 /* TicTacToeAiProtocol.swift */,
			);
			name = "Type Protocols";
			sourceTree = "<group>";
		};
/* End PBXGroup section */

/* Begin PBXNativeTarget section */
		DF6EAFD92105F0890043D2FC /* Noughts & Crosses */ = {
			isa = PBXNativeTarget;
			buildConfigurationList = DF6EB0002105F08B0043D2FC /* Build configuration list for PBXNativeTarget "Noughts & Crosses" */;
			buildPhases = (
				DF6EAFD62105F0890043D2FC /* Sources */,
				DF6EAFD72105F0890043D2FC /* Frameworks */,
				DF6EAFD82105F0890043D2FC /* Resources */,
			);
			buildRules = (
			);
			dependencies = (
			);
			name = "Noughts & Crosses";
			productName = "Noughts & Crosses";
			productReference = DF6EAFDA2105F0890043D2FC /* Noughts & Crosses.app */;
			productType = "com.apple.product-type.application";
		};
		DF6EAFEB2105F08B0043D2FC /* Noughts & CrossesTests */ = {
			isa = PBXNativeTarget;
			buildConfigurationList = DF6EB0032105F08B0043D2FC /* Build configuration list for PBXNativeTarget "Noughts & CrossesTests" */;
			buildPhases = (
				DF6EAFE82105F08B0043D2FC /* Sources */,
				DF6EAFE92105F08B0043D2FC /* Frameworks */,
				DF6EAFEA2105F08B0043D2FC /* Resources */,
			);
			buildRules = (
			);
			dependencies = (
				DF6EAFEE2105F08B0043D2FC /* PBXTargetDependency */,
			);
			name = "Noughts & CrossesTests";
			productName = "Noughts & CrossesTests";
			productReference = DF6EAFEC2105F08B0043D2FC /* Noughts & CrossesTests.xctest */;
			productType = "com.apple.product-type.bundle.unit-test";
		};
		DF6EAFF62105F08B0043D2FC /* Noughts & CrossesUITests */ = {
			isa = PBXNativeTarget;
			buildConfigurationList = DF6EB0062105F08B0043D2FC /* Build configuration list for PBXNativeTarget "Noughts & CrossesUITests" */;
			buildPhases = (
				DF6EAFF32105F08B0043D2FC /* Sources */,
				DF6EAFF42105F08B0043D2FC /* Frameworks */,
				DF6EAFF52105F08B0043D2FC /* Resources */,
			);
			buildRules = (
			);
			dependencies = (
				DF6EAFF92105F08B0043D2FC /* PBXTargetDependency */,
			);
			name = "Noughts & CrossesUITests";
			productName = "Noughts & CrossesUITests";
			productReference = DF6EAFF72105F08B0043D2FC /* Noughts & CrossesUITests.xctest */;
			productType = "com.apple.product-type.bundle.ui-testing";
		};
/* End PBXNativeTarget section */

/* Begin PBXProject section */
		DF6EAFD22105F0890043D2FC /* Project object */ = {
			isa = PBXProject;
			attributes = {
				LastSwiftUpdateCheck = 0940;
				LastUpgradeCheck = 0940;
				ORGANIZATIONNAME = "Will W";
				TargetAttributes = {
					DF6EAFD92105F0890043D2FC = {
						CreatedOnToolsVersion = 9.4.1;
						LastSwiftMigration = 1000;
						SystemCapabilities = {
							com.apple.Sandbox = {
								enabled = 0;
							};
						};
					};
					DF6EAFEB2105F08B0043D2FC = {
						CreatedOnToolsVersion = 9.4.1;
						LastSwiftMigration = 1000;
						TestTargetID = DF6EAFD92105F0890043D2FC;
					};
					DF6EAFF62105F08B0043D2FC = {
						CreatedOnToolsVersion = 9.4.1;
						LastSwiftMigration = 1000;
						TestTargetID = DF6EAFD92105F0890043D2FC;
					};
				};
			};
			buildConfigurationList = DF6EAFD52105F0890043D2FC /* Build configuration list for PBXProject "Noughts & Crosses" */;
			compatibilityVersion = "Xcode 9.3";
			developmentRegion = en;
			hasScannedForEncodings = 0;
			knownRegions = (
				en,
				Base,
			);
			mainGroup = DF6EAFD12105F0890043D2FC;
			productRefGroup = DF6EAFDB2105F0890043D2FC /* Products */;
			projectDirPath = "";
			projectRoot = "";
			targets = (
				DF6EAFD92105F0890043D2FC /* Noughts & Crosses */,
				DF6EAFEB2105F08B0043D2FC /* Noughts & CrossesTests */,
				DF6EAFF62105F08B0043D2FC /* Noughts & CrossesUITests */,
			);
		};
/* End PBXProject section */

/* Begin PBXResourcesBuildPhase section */
		DF6EAFD82105F0890043D2FC /* Resources */ = {
			isa = PBXResourcesBuildPhase;
			buildActionMask = 2147483647;
			files = (
				DF6EAFE22105F08B0043D2FC /* Assets.xcassets in Resources */,
				DF6EAFE52105F08B0043D2FC /* Main.storyboard in Resources */,
			);
			runOnlyForDeploymentPostprocessing = 0;
		};
		DF6EAFEA2105F08B0043D2FC /* Resources */ = {
			isa = PBXResourcesBuildPhase;
			buildActionMask = 2147483647;
			files = (
			);
			runOnlyForDeploymentPostprocessing = 0;
		};
		DF6EAFF52105F08B0043D2FC /* Resources */ = {
			isa = PBXResourcesBuildPhase;
			buildActionMask = 2147483647;
			files = (
			);
			runOnlyForDeploymentPostprocessing = 0;
		};
/* End PBXResourcesBuildPhase section */

/* Begin PBXSourcesBuildPhase section */
		DF6EAFD62105F0890043D2FC /* Sources */ = {
			isa = PBXSourcesBuildPhase;
			buildActionMask = 2147483647;
			files = (
				DF8284A0214663B8000D367F /* CellView.swift in Sources */,
				DFBA39C0213FD1C60069A7B1 /* OView.swift in Sources */,
				DF82849E2145F221000D367F /* BlankView.swift in Sources */,
				DF43BE85214FD7220053D0DA /* CrossOutShapeLayer.swift in Sources */,
				DFBFE4C4215164CC005E6C2C /* BaseAI.swift in Sources */,
				DF8D7E9D2147B92300D7BDF8 /* MyButton.swift in Sources */,
				DFBA39B6213ED8A40069A7B1 /* BoardView.swift in Sources */,
				DFBFE52921537CA5005E6C2C /* RLAI.swift in Sources */,
				DFBFE4C221515E9C005E6C2C /* RandomAI.swift in Sources */,
				DF43BE83214EEEBE0053D0DA /* BlankShapeLayer.swift in Sources */,
				DFF8355F214C6508000CC4E9 /* TransparentView.swift in Sources */,
				DFBA39BC213F013D0069A7B1 /* Colours.swift in Sources */,
				DFBA39BA213EFCE70069A7B1 /* TopView.swift in Sources */,
				DF5E2D59214E7FE200945DB0 /* XShapeLayer.swift in Sources */,
				DF6EAFE02105F0890043D2FC /* GameVC.swift in Sources */,
				DFF8353721497976000CC4E9 /* TicTacToeBoardProtocol.swift in Sources */,
				DFBFE4EA21525547005E6C2C /* BrokenAI.swift in Sources */,
				DFF8353921497986000CC4E9 /* TicTacToeAiProtocol.swift in Sources */,
				DFBFE4EC2152B3F5005E6C2C /* MinMaxOptiAI.swift in Sources */,
				DFF8353B214B9BEE000CC4E9 /* ScratchOutView.swift in Sources */,
				DF5E2D57214E7FD300945DB0 /* OShapeLayer.swift in Sources */,
				DF6EAFDE2105F0890043D2FC /* AppDelegate.swift in Sources */,
				DFBA39BE213FD1B60069A7B1 /* XView.swift in Sources */,
				DF738C752147B5E300C6B293 /* SideView.swift in Sources */,
				DFBA39B8213ED8D00069A7B1 /* MinMaxAI.swift in Sources */,
				DFF8355D214C3869000CC4E9 /* EndGameVC.swift in Sources */,
				DF82848121458A85000D367F /* Board.swift in Sources */,
			);
			runOnlyForDeploymentPostprocessing = 0;
		};
		DF6EAFE82105F08B0043D2FC /* Sources */ = {
			isa = PBXSourcesBuildPhase;
			buildActionMask = 2147483647;
			files = (
				DF6EAFF12105F08B0043D2FC /* Noughts___CrossesTests.swift in Sources */,
			);
			runOnlyForDeploymentPostprocessing = 0;
		};
		DF6EAFF32105F08B0043D2FC /* Sources */ = {
			isa = PBXSourcesBuildPhase;
			buildActionMask = 2147483647;
			files = (
				DF6EAFFC2105F08B0043D2FC /* Noughts___CrossesUITests.swift in Sources */,
			);
			runOnlyForDeploymentPostprocessing = 0;
		};
/* End PBXSourcesBuildPhase section */

/* Begin PBXTargetDependency section */
		DF6EAFEE2105F08B0043D2FC /* PBXTargetDependency */ = {
			isa = PBXTargetDependency;
			target = DF6EAFD92105F0890043D2FC /* Noughts & Crosses */;
			targetProxy = DF6EAFED2105F08B0043D2FC /* PBXContainerItemProxy */;
		};
		DF6EAFF92105F08B0043D2FC /* PBXTargetDependency */ = {
			isa = PBXTargetDependency;
			target = DF6EAFD92105F0890043D2FC /* Noughts & Crosses */;
			targetProxy = DF6EAFF82105F08B0043D2FC /* PBXContainerItemProxy */;
		};
/* End PBXTargetDependency section */

/* Begin PBXVariantGroup section */
		DF6EAFE32105F08B0043D2FC /* Main.storyboard */ = {
			isa = PBXVariantGroup;
			children = (
				DF6EAFE42105F08B0043D2FC /* Base */,
			);
			name = Main.storyboard;
			sourceTree = "<group>";
		};
/* End PBXVariantGroup section */

/* Begin XCBuildConfiguration section */
		DF6EAFFE2105F08B0043D2FC /* Debug */ = {
			isa = XCBuildConfiguration;
			buildSettings = {
				ALWAYS_SEARCH_USER_PATHS = NO;
				CLANG_ANALYZER_NONNULL = YES;
				CLANG_ANALYZER_NUMBER_OBJECT_CONVERSION = YES_AGGRESSIVE;
				CLANG_CXX_LANGUAGE_STANDARD = "gnu++14";
				CLANG_CXX_LIBRARY = "libc++";
				CLANG_ENABLE_MODULES = YES;
				CLANG_ENABLE_OBJC_ARC = YES;
				CLANG_ENABLE_OBJC_WEAK = YES;
				CLANG_WARN_BLOCK_CAPTURE_AUTORELEASING = YES;
				CLANG_WARN_BOOL_CONVERSION = YES;
				CLANG_WARN_COMMA = YES;
				CLANG_WARN_CONSTANT_CONVERSION = YES;
				CLANG_WARN_DEPRECATED_OBJC_IMPLEMENTATIONS = YES;
				CLANG_WARN_DIRECT_OBJC_ISA_USAGE = YES_ERROR;
				CLANG_WARN_DOCUMENTATION_COMMENTS = YES;
				CLANG_WARN_EMPTY_BODY = YES;
				CLANG_WARN_ENUM_CONVERSION = YES;
				CLANG_WARN_INFINITE_RECURSION = YES;
				CLANG_WARN_INT_CONVERSION = YES;
				CLANG_WARN_NON_LITERAL_NULL_CONVERSION = YES;
				CLANG_WARN_OBJC_IMPLICIT_RETAIN_SELF = YES;
				CLANG_WARN_OBJC_LITERAL_CONVERSION = YES;
				CLANG_WARN_OBJC_ROOT_CLASS = YES_ERROR;
				CLANG_WARN_RANGE_LOOP_ANALYSIS = YES;
				CLANG_WARN_STRICT_PROTOTYPES = YES;
				CLANG_WARN_SUSPICIOUS_MOVE = YES;
				CLANG_WARN_UNGUARDED_AVAILABILITY = YES_AGGRESSIVE;
				CLANG_WARN_UNREACHABLE_CODE = YES;
				CLANG_WARN__DUPLICATE_METHOD_MATCH = YES;
				CODE_SIGN_IDENTITY = "Mac Developer";
				COPY_PHASE_STRIP = NO;
				DEBUG_INFORMATION_FORMAT = dwarf;
				ENABLE_STRICT_OBJC_MSGSEND = YES;
				ENABLE_TESTABILITY = YES;
				GCC_C_LANGUAGE_STANDARD = gnu11;
				GCC_DYNAMIC_NO_PIC = NO;
				GCC_NO_COMMON_BLOCKS = YES;
				GCC_OPTIMIZATION_LEVEL = 0;
				GCC_PREPROCESSOR_DEFINITIONS = (
					"DEBUG=1",
					"$(inherited)",
				);
				GCC_WARN_64_TO_32_BIT_CONVERSION = YES;
				GCC_WARN_ABOUT_RETURN_TYPE = YES_ERROR;
				GCC_WARN_UNDECLARED_SELECTOR = YES;
				GCC_WARN_UNINITIALIZED_AUTOS = YES_AGGRESSIVE;
				GCC_WARN_UNUSED_FUNCTION = YES;
				GCC_WARN_UNUSED_VARIABLE = YES;
				MACOSX_DEPLOYMENT_TARGET = 10.13;
				MTL_ENABLE_DEBUG_INFO = YES;
				ONLY_ACTIVE_ARCH = YES;
				SDKROOT = macosx;
				SWIFT_ACTIVE_COMPILATION_CONDITIONS = DEBUG;
				SWIFT_OPTIMIZATION_LEVEL = "-Onone";
			};
			name = Debug;
		};
		DF6EAFFF2105F08B0043D2FC /* Release */ = {
			isa = XCBuildConfiguration;
			buildSettings = {
				ALWAYS_SEARCH_USER_PATHS = NO;
				CLANG_ANALYZER_NONNULL = YES;
				CLANG_ANALYZER_NUMBER_OBJECT_CONVERSION = YES_AGGRESSIVE;
				CLANG_CXX_LANGUAGE_STANDARD = "gnu++14";
				CLANG_CXX_LIBRARY = "libc++";
				CLANG_ENABLE_MODULES = YES;
				CLANG_ENABLE_OBJC_ARC = YES;
				CLANG_ENABLE_OBJC_WEAK = YES;
				CLANG_WARN_BLOCK_CAPTURE_AUTORELEASING = YES;
				CLANG_WARN_BOOL_CONVERSION = YES;
				CLANG_WARN_COMMA = YES;
				CLANG_WARN_CONSTANT_CONVERSION = YES;
				CLANG_WARN_DEPRECATED_OBJC_IMPLEMENTATIONS = YES;
				CLANG_WARN_DIRECT_OBJC_ISA_USAGE = YES_ERROR;
				CLANG_WARN_DOCUMENTATION_COMMENTS = YES;
				CLANG_WARN_EMPTY_BODY = YES;
				CLANG_WARN_ENUM_CONVERSION = YES;
				CLANG_WARN_INFINITE_RECURSION = YES;
				CLANG_WARN_INT_CONVERSION = YES;
				CLANG_WARN_NON_LITERAL_NULL_CONVERSION = YES;
				CLANG_WARN_OBJC_IMPLICIT_RETAIN_SELF = YES;
				CLANG_WARN_OBJC_LITERAL_CONVERSION = YES;
				CLANG_WARN_OBJC_ROOT_CLASS = YES_ERROR;
				CLANG_WARN_RANGE_LOOP_ANALYSIS = YES;
				CLANG_WARN_STRICT_PROTOTYPES = YES;
				CLANG_WARN_SUSPICIOUS_MOVE = YES;
				CLANG_WARN_UNGUARDED_AVAILABILITY = YES_AGGRESSIVE;
				CLANG_WARN_UNREACHABLE_CODE = YES;
				CLANG_WARN__DUPLICATE_METHOD_MATCH = YES;
				CODE_SIGN_IDENTITY = "Mac Developer";
				COPY_PHASE_STRIP = NO;
				DEBUG_INFORMATION_FORMAT = "dwarf-with-dsym";
				ENABLE_NS_ASSERTIONS = NO;
				ENABLE_STRICT_OBJC_MSGSEND = YES;
				GCC_C_LANGUAGE_STANDARD = gnu11;
				GCC_NO_COMMON_BLOCKS = YES;
				GCC_WARN_64_TO_32_BIT_CONVERSION = YES;
				GCC_WARN_ABOUT_RETURN_TYPE = YES_ERROR;
				GCC_WARN_UNDECLARED_SELECTOR = YES;
				GCC_WARN_UNINITIALIZED_AUTOS = YES_AGGRESSIVE;
				GCC_WARN_UNUSED_FUNCTION = YES;
				GCC_WARN_UNUSED_VARIABLE = YES;
				MACOSX_DEPLOYMENT_TARGET = 10.13;
				MTL_ENABLE_DEBUG_INFO = NO;
				SDKROOT = macosx;
				SWIFT_COMPILATION_MODE = wholemodule;
				SWIFT_OPTIMIZATION_LEVEL = "-O";
			};
			name = Release;
		};
		DF6EB0012105F08B0043D2FC /* Debug */ = {
			isa = XCBuildConfiguration;
			buildSettings = {
				ASSETCATALOG_COMPILER_APPICON_NAME = AppIcon;
				CODE_SIGN_STYLE = Automatic;
				COMBINE_HIDPI_IMAGES = YES;
				DEVELOPMENT_TEAM = F99YVZ4WEW;
				INFOPLIST_FILE = "Noughts & Crosses/Info.plist";
				LD_RUNPATH_SEARCH_PATHS = (
					"$(inherited)",
					"@executable_path/../Frameworks",
				);
				PRODUCT_BUNDLE_IDENTIFIER = "SparkCoordination.Noughts---Crosses";
				PRODUCT_NAME = "$(TARGET_NAME)";
				SWIFT_VERSION = 4.2;
			};
			name = Debug;
		};
		DF6EB0022105F08B0043D2FC /* Release */ = {
			isa = XCBuildConfiguration;
			buildSettings = {
				ASSETCATALOG_COMPILER_APPICON_NAME = AppIcon;
				CODE_SIGN_STYLE = Automatic;
				COMBINE_HIDPI_IMAGES = YES;
				DEVELOPMENT_TEAM = F99YVZ4WEW;
				INFOPLIST_FILE = "Noughts & Crosses/Info.plist";
				LD_RUNPATH_SEARCH_PATHS = (
					"$(inherited)",
					"@executable_path/../Frameworks",
				);
				PRODUCT_BUNDLE_IDENTIFIER = "SparkCoordination.Noughts---Crosses";
				PRODUCT_NAME = "$(TARGET_NAME)";
				SWIFT_VERSION = 4.2;
			};
			name = Release;
		};
		DF6EB0042105F08B0043D2FC /* Debug */ = {
			isa = XCBuildConfiguration;
			buildSettings = {
				ALWAYS_EMBED_SWIFT_STANDARD_LIBRARIES = YES;
				BUNDLE_LOADER = "$(TEST_HOST)";
				CODE_SIGN_STYLE = Automatic;
				COMBINE_HIDPI_IMAGES = YES;
				DEVELOPMENT_TEAM = F99YVZ4WEW;
				INFOPLIST_FILE = "Noughts & CrossesTests/Info.plist";
				LD_RUNPATH_SEARCH_PATHS = (
					"$(inherited)",
					"@executable_path/../Frameworks",
					"@loader_path/../Frameworks",
				);
				PRODUCT_BUNDLE_IDENTIFIER = "SparkCoordination.Noughts---CrossesTests";
				PRODUCT_NAME = "$(TARGET_NAME)";
				SWIFT_VERSION = 4.2;
				TEST_HOST = "$(BUILT_PRODUCTS_DIR)/Noughts & Crosses.app/Contents/MacOS/Noughts & Crosses";
			};
			name = Debug;
		};
		DF6EB0052105F08B0043D2FC /* Release */ = {
			isa = XCBuildConfiguration;
			buildSettings = {
				ALWAYS_EMBED_SWIFT_STANDARD_LIBRARIES = YES;
				BUNDLE_LOADER = "$(TEST_HOST)";
				CODE_SIGN_STYLE = Automatic;
				COMBINE_HIDPI_IMAGES = YES;
				DEVELOPMENT_TEAM = F99YVZ4WEW;
				INFOPLIST_FILE = "Noughts & CrossesTests/Info.plist";
				LD_RUNPATH_SEARCH_PATHS = (
					"$(inherited)",
					"@executable_path/../Frameworks",
					"@loader_path/../Frameworks",
				);
				PRODUCT_BUNDLE_IDENTIFIER = "SparkCoordination.Noughts---CrossesTests";
				PRODUCT_NAME = "$(TARGET_NAME)";
				SWIFT_VERSION = 4.2;
				TEST_HOST = "$(BUILT_PRODUCTS_DIR)/Noughts & Crosses.app/Contents/MacOS/Noughts & Crosses";
			};
			name = Release;
		};
		DF6EB0072105F08B0043D2FC /* Debug */ = {
			isa = XCBuildConfiguration;
			buildSettings = {
				ALWAYS_EMBED_SWIFT_STANDARD_LIBRARIES = YES;
				CODE_SIGN_STYLE = Automatic;
				COMBINE_HIDPI_IMAGES = YES;
				DEVELOPMENT_TEAM = F99YVZ4WEW;
				INFOPLIST_FILE = "Noughts & CrossesUITests/Info.plist";
				LD_RUNPATH_SEARCH_PATHS = (
					"$(inherited)",
					"@executable_path/../Frameworks",
					"@loader_path/../Frameworks",
				);
				PRODUCT_BUNDLE_IDENTIFIER = "SparkCoordination.Noughts---CrossesUITests";
				PRODUCT_NAME = "$(TARGET_NAME)";
				SWIFT_VERSION = 4.2;
				TEST_TARGET_NAME = "Noughts & Crosses";
			};
			name = Debug;
		};
		DF6EB0082105F08B0043D2FC /* Release */ = {
			isa = XCBuildConfiguration;
			buildSettings = {
				ALWAYS_EMBED_SWIFT_STANDARD_LIBRARIES = YES;
				CODE_SIGN_STYLE = Automatic;
				COMBINE_HIDPI_IMAGES = YES;
				DEVELOPMENT_TEAM = F99YVZ4WEW;
				INFOPLIST_FILE = "Noughts & CrossesUITests/Info.plist";
				LD_RUNPATH_SEARCH_PATHS = (
					"$(inherited)",
					"@executable_path/../Frameworks",
					"@loader_path/../Frameworks",
				);
				PRODUCT_BUNDLE_IDENTIFIER = "SparkCoordination.Noughts---CrossesUITests";
				PRODUCT_NAME = "$(TARGET_NAME)";
				SWIFT_VERSION = 4.2;
				TEST_TARGET_NAME = "Noughts & Crosses";
			};
			name = Release;
		};
/* End XCBuildConfiguration section */

/* Begin XCConfigurationList section */
		DF6EAFD52105F0890043D2FC /* Build configuration list for PBXProject "Noughts & Crosses" */ = {
			isa = XCConfigurationList;
			buildConfigurations = (
				DF6EAFFE2105F08B0043D2FC /* Debug */,
				DF6EAFFF2105F08B0043D2FC /* Release */,
			);
			defaultConfigurationIsVisible = 0;
			defaultConfigurationName = Release;
		};
		DF6EB0002105F08B0043D2FC /* Build configuration list for PBXNativeTarget "Noughts & Crosses" */ = {
			isa = XCConfigurationList;
			buildConfigurations = (
				DF6EB0012105F08B0043D2FC /* Debug */,
				DF6EB0022105F08B0043D2FC /* Release */,
			);
			defaultConfigurationIsVisible = 0;
			defaultConfigurationName = Release;
		};
		DF6EB0032105F08B0043D2FC /* Build configuration list for PBXNativeTarget "Noughts & CrossesTests" */ = {
			isa = XCConfigurationList;
			buildConfigurations = (
				DF6EB0042105F08B0043D2FC /* Debug */,
				DF6EB0052105F08B0043D2FC /* Release */,
			);
			defaultConfigurationIsVisible = 0;
			defaultConfigurationName = Release;
		};
		DF6EB0062105F08B0043D2FC /* Build configuration list for PBXNativeTarget "Noughts & CrossesUITests" */ = {
			isa = XCConfigurationList;
			buildConfigurations = (
				DF6EB0072105F08B0043D2FC /* Debug */,
				DF6EB0082105F08B0043D2FC /* Release */,
			);
			defaultConfigurationIsVisible = 0;
			defaultConfigurationName = Release;
		};
/* End XCConfigurationList section */
	};
	rootObject = DF6EAFD22105F0890043D2FC /* Project object */;
}
